// !$*UTF8*$!
{
	archiveVersion = 1;
	classes = {
	};
	objectVersion = 56;
	objects = {

/* Begin PBXBuildFile section */
		961B60CB29F6AD19009F838A /* News.swift in Sources */ = {isa = PBXBuildFile; fileRef = 961B60CA29F6AD19009F838A /* News.swift */; };
		961B60CD29F6AE8F009F838A /* UITableView+LastCellIndexPath.swift in Sources */ = {isa = PBXBuildFile; fileRef = 961B60CC29F6AE8F009F838A /* UITableView+LastCellIndexPath.swift */; };
		961B60CF29F6B56F009F838A /* NewsTableViewHeaderView.swift in Sources */ = {isa = PBXBuildFile; fileRef = 961B60CE29F6B56F009F838A /* NewsTableViewHeaderView.swift */; };
		961B60D229F6D0C8009F838A /* NewsService.swift in Sources */ = {isa = PBXBuildFile; fileRef = 961B60D129F6D0C8009F838A /* NewsService.swift */; };
		961B60D629F6D189009F838A /* ApiConfiguration.swift in Sources */ = {isa = PBXBuildFile; fileRef = 961B60D529F6D189009F838A /* ApiConfiguration.swift */; };
		961B60D929F6D82F009F838A /* NewsResult.swift in Sources */ = {isa = PBXBuildFile; fileRef = 961B60D829F6D82F009F838A /* NewsResult.swift */; };
		961B60DF29F6DAD7009F838A /* URLSession+DataTask.swift in Sources */ = {isa = PBXBuildFile; fileRef = 961B60DB29F6DAD7009F838A /* URLSession+DataTask.swift */; };
		961B60E029F6DAD7009F838A /* URLSession+StartLoadingObject.swift in Sources */ = {isa = PBXBuildFile; fileRef = 961B60DC29F6DAD7009F838A /* URLSession+StartLoadingObject.swift */; };
		961B60E129F6DAD7009F838A /* URLSessionTask+IsStillRunning.swift in Sources */ = {isa = PBXBuildFile; fileRef = 961B60DD29F6DAD7009F838A /* URLSessionTask+IsStillRunning.swift */; };
		961B60E529F7CB1C009F838A /* GreetingsViewController.swift in Sources */ = {isa = PBXBuildFile; fileRef = 961B60E429F7CB1C009F838A /* GreetingsViewController.swift */; };
		961B60E729F7CB8F009F838A /* GreetingsViewPresenter.swift in Sources */ = {isa = PBXBuildFile; fileRef = 961B60E629F7CB8F009F838A /* GreetingsViewPresenter.swift */; };
		9635D8FE29F41E9900C4652F /* DateRegistrationViewPresenter.swift in Sources */ = {isa = PBXBuildFile; fileRef = 9635D8FD29F41E9900C4652F /* DateRegistrationViewPresenter.swift */; };
		9635D90229F4227300C4652F /* BirthdateViewDatePickerDelegate.swift in Sources */ = {isa = PBXBuildFile; fileRef = 9635D90129F4227300C4652F /* BirthdateViewDatePickerDelegate.swift */; };
		9635D90529F4435000C4652F /* PasswordRegistrationViewPresenter.swift in Sources */ = {isa = PBXBuildFile; fileRef = 9635D90429F4435000C4652F /* PasswordRegistrationViewPresenter.swift */; };
		9661851429F12AAC0003C57A /* AppDelegate.swift in Sources */ = {isa = PBXBuildFile; fileRef = 9661851329F12AAC0003C57A /* AppDelegate.swift */; };
		9661851629F12AAC0003C57A /* SceneDelegate.swift in Sources */ = {isa = PBXBuildFile; fileRef = 9661851529F12AAC0003C57A /* SceneDelegate.swift */; };
		9661851829F12AAC0003C57A /* NameRegistrationViewController.swift in Sources */ = {isa = PBXBuildFile; fileRef = 9661851729F12AAC0003C57A /* NameRegistrationViewController.swift */; };
		9661851D29F12AAD0003C57A /* Assets.xcassets in Resources */ = {isa = PBXBuildFile; fileRef = 9661851C29F12AAD0003C57A /* Assets.xcassets */; };
		9661852029F12AAD0003C57A /* LaunchScreen.storyboard in Resources */ = {isa = PBXBuildFile; fileRef = 9661851E29F12AAD0003C57A /* LaunchScreen.storyboard */; };
		9661852B29F12AAD0003C57A /* GreetingsViewTests.swift in Sources */ = {isa = PBXBuildFile; fileRef = 9661852A29F12AAD0003C57A /* GreetingsViewTests.swift */; };
		9661854A29F138350003C57A /* UIColor+Extensions.swift in Sources */ = {isa = PBXBuildFile; fileRef = 9661854929F138350003C57A /* UIColor+Extensions.swift */; };
		9661854E29F13E3F0003C57A /* ShiftCustomTextField.swift in Sources */ = {isa = PBXBuildFile; fileRef = 9661854D29F13E3F0003C57A /* ShiftCustomTextField.swift */; };
		9661855129F14EA20003C57A /* ShiftBirthdateView.swift in Sources */ = {isa = PBXBuildFile; fileRef = 9661855029F14EA20003C57A /* ShiftBirthdateView.swift */; };
		9661855529F25C2C0003C57A /* ShiftCustomButton.swift in Sources */ = {isa = PBXBuildFile; fileRef = 9661855429F25C2C0003C57A /* ShiftCustomButton.swift */; };
		9661855729F26EAF0003C57A /* DateRegistrationViewController.swift in Sources */ = {isa = PBXBuildFile; fileRef = 9661855629F26EAF0003C57A /* DateRegistrationViewController.swift */; };
		9661855929F26EC00003C57A /* PasswordRegistrationViewController.swift in Sources */ = {isa = PBXBuildFile; fileRef = 9661855829F26EC00003C57A /* PasswordRegistrationViewController.swift */; };
		9661855B29F26F520003C57A /* RegistrationService.swift in Sources */ = {isa = PBXBuildFile; fileRef = 9661855A29F26F520003C57A /* RegistrationService.swift */; };
		9661855D29F276F20003C57A /* ShiftCustomStackView.swift in Sources */ = {isa = PBXBuildFile; fileRef = 9661855C29F276F20003C57A /* ShiftCustomStackView.swift */; };
		9661856329F27BB40003C57A /* NameRegistrationViewPresenter.swift in Sources */ = {isa = PBXBuildFile; fileRef = 9661856229F27BB40003C57A /* NameRegistrationViewPresenter.swift */; };
		9661856729F285500003C57A /* ShiftCustomLabel.swift in Sources */ = {isa = PBXBuildFile; fileRef = 9661856629F285500003C57A /* ShiftCustomLabel.swift */; };
		9661856A29F291970003C57A /* RegistrationTextFieldHelper.swift in Sources */ = {isa = PBXBuildFile; fileRef = 9661856929F291970003C57A /* RegistrationTextFieldHelper.swift */; };
		96E4DED429F58E4500156F0F /* NewsViewController.swift in Sources */ = {isa = PBXBuildFile; fileRef = 96E4DED329F58E4500156F0F /* NewsViewController.swift */; };
		96E4DED629F58F8F00156F0F /* NewsViewPresenter.swift in Sources */ = {isa = PBXBuildFile; fileRef = 96E4DED529F58F8F00156F0F /* NewsViewPresenter.swift */; };
		96E4DED929F59B5600156F0F /* NewsTableViewHelper.swift in Sources */ = {isa = PBXBuildFile; fileRef = 96E4DED829F59B5600156F0F /* NewsTableViewHelper.swift */; };
		96E4DEDB29F59B6A00156F0F /* NewsTableViewCell.swift in Sources */ = {isa = PBXBuildFile; fileRef = 96E4DEDA29F59B6A00156F0F /* NewsTableViewCell.swift */; };
		96FD00CE29F44D940049BCCE /* NSRegularExpression+Matches.swift in Sources */ = {isa = PBXBuildFile; fileRef = 96FD00CD29F44D940049BCCE /* NSRegularExpression+Matches.swift */; };
		96FD00D129F4F4EE0049BCCE /* RegistrationStore.swift in Sources */ = {isa = PBXBuildFile; fileRef = 96FD00D029F4F4EE0049BCCE /* RegistrationStore.swift */; };
		96FD00D329F4FAF60049BCCE /* User.swift in Sources */ = {isa = PBXBuildFile; fileRef = 96FD00D229F4FAF60049BCCE /* User.swift */; };
		96FD00D629F50BFE0049BCCE /* KeychainWrapper.swift in Sources */ = {isa = PBXBuildFile; fileRef = 96FD00D529F50BFE0049BCCE /* KeychainWrapper.swift */; };
		96FD00DB29F5264D0049BCCE /* RegistrationCheckerViewController.swift in Sources */ = {isa = PBXBuildFile; fileRef = 96FD00DA29F5264D0049BCCE /* RegistrationCheckerViewController.swift */; };
		96FD00DD29F528670049BCCE /* RegistrationCheckerPresenter.swift in Sources */ = {isa = PBXBuildFile; fileRef = 96FD00DC29F528670049BCCE /* RegistrationCheckerPresenter.swift */; };
		96FD1EFD29F7D5110079073F /* GreetingsViewPresenterSpy.swift in Sources */ = {isa = PBXBuildFile; fileRef = 96FD1EFC29F7D5110079073F /* GreetingsViewPresenterSpy.swift */; };
		96FD1F0029F7D5C00079073F /* RegistrationStoreMock.swift in Sources */ = {isa = PBXBuildFile; fileRef = 96FD1EFF29F7D5C00079073F /* RegistrationStoreMock.swift */; };
		96FD1F0229F7DBB10079073F /* GreetingsViewControllerSpy.swift in Sources */ = {isa = PBXBuildFile; fileRef = 96FD1F0129F7DBB10079073F /* GreetingsViewControllerSpy.swift */; };
/* End PBXBuildFile section */

/* Begin PBXContainerItemProxy section */
		9661852729F12AAD0003C57A /* PBXContainerItemProxy */ = {
			isa = PBXContainerItemProxy;
			containerPortal = 9661850829F12AAC0003C57A /* Project object */;
			proxyType = 1;
			remoteGlobalIDString = 9661850F29F12AAC0003C57A;
			remoteInfo = "CFT-Test-Task";
		};
/* End PBXContainerItemProxy section */

/* Begin PBXFileReference section */
		961B60CA29F6AD19009F838A /* News.swift */ = {isa = PBXFileReference; lastKnownFileType = sourcecode.swift; path = News.swift; sourceTree = "<group>"; };
		961B60CC29F6AE8F009F838A /* UITableView+LastCellIndexPath.swift */ = {isa = PBXFileReference; fileEncoding = 4; lastKnownFileType = sourcecode.swift; path = "UITableView+LastCellIndexPath.swift"; sourceTree = "<group>"; };
		961B60CE29F6B56F009F838A /* NewsTableViewHeaderView.swift */ = {isa = PBXFileReference; lastKnownFileType = sourcecode.swift; path = NewsTableViewHeaderView.swift; sourceTree = "<group>"; };
		961B60D129F6D0C8009F838A /* NewsService.swift */ = {isa = PBXFileReference; lastKnownFileType = sourcecode.swift; path = NewsService.swift; sourceTree = "<group>"; };
		961B60D529F6D189009F838A /* ApiConfiguration.swift */ = {isa = PBXFileReference; lastKnownFileType = sourcecode.swift; path = ApiConfiguration.swift; sourceTree = "<group>"; };
		961B60D829F6D82F009F838A /* NewsResult.swift */ = {isa = PBXFileReference; lastKnownFileType = sourcecode.swift; path = NewsResult.swift; sourceTree = "<group>"; };
		961B60DB29F6DAD7009F838A /* URLSession+DataTask.swift */ = {isa = PBXFileReference; fileEncoding = 4; lastKnownFileType = sourcecode.swift; path = "URLSession+DataTask.swift"; sourceTree = "<group>"; };
		961B60DC29F6DAD7009F838A /* URLSession+StartLoadingObject.swift */ = {isa = PBXFileReference; fileEncoding = 4; lastKnownFileType = sourcecode.swift; path = "URLSession+StartLoadingObject.swift"; sourceTree = "<group>"; };
		961B60DD29F6DAD7009F838A /* URLSessionTask+IsStillRunning.swift */ = {isa = PBXFileReference; fileEncoding = 4; lastKnownFileType = sourcecode.swift; path = "URLSessionTask+IsStillRunning.swift"; sourceTree = "<group>"; };
		961B60E429F7CB1C009F838A /* GreetingsViewController.swift */ = {isa = PBXFileReference; lastKnownFileType = sourcecode.swift; path = GreetingsViewController.swift; sourceTree = "<group>"; };
		961B60E629F7CB8F009F838A /* GreetingsViewPresenter.swift */ = {isa = PBXFileReference; lastKnownFileType = sourcecode.swift; path = GreetingsViewPresenter.swift; sourceTree = "<group>"; };
		9635D8FD29F41E9900C4652F /* DateRegistrationViewPresenter.swift */ = {isa = PBXFileReference; lastKnownFileType = sourcecode.swift; path = DateRegistrationViewPresenter.swift; sourceTree = "<group>"; };
		9635D90129F4227300C4652F /* BirthdateViewDatePickerDelegate.swift */ = {isa = PBXFileReference; lastKnownFileType = sourcecode.swift; path = BirthdateViewDatePickerDelegate.swift; sourceTree = "<group>"; };
		9635D90429F4435000C4652F /* PasswordRegistrationViewPresenter.swift */ = {isa = PBXFileReference; lastKnownFileType = sourcecode.swift; path = PasswordRegistrationViewPresenter.swift; sourceTree = "<group>"; };
		9661851029F12AAC0003C57A /* CFT-Test-Task.app */ = {isa = PBXFileReference; explicitFileType = wrapper.application; includeInIndex = 0; path = "CFT-Test-Task.app"; sourceTree = BUILT_PRODUCTS_DIR; };
		9661851329F12AAC0003C57A /* AppDelegate.swift */ = {isa = PBXFileReference; lastKnownFileType = sourcecode.swift; path = AppDelegate.swift; sourceTree = "<group>"; };
		9661851529F12AAC0003C57A /* SceneDelegate.swift */ = {isa = PBXFileReference; lastKnownFileType = sourcecode.swift; path = SceneDelegate.swift; sourceTree = "<group>"; };
		9661851729F12AAC0003C57A /* NameRegistrationViewController.swift */ = {isa = PBXFileReference; lastKnownFileType = sourcecode.swift; path = NameRegistrationViewController.swift; sourceTree = "<group>"; };
		9661851C29F12AAD0003C57A /* Assets.xcassets */ = {isa = PBXFileReference; lastKnownFileType = folder.assetcatalog; path = Assets.xcassets; sourceTree = "<group>"; };
		9661851F29F12AAD0003C57A /* Base */ = {isa = PBXFileReference; lastKnownFileType = file.storyboard; name = Base; path = Base.lproj/LaunchScreen.storyboard; sourceTree = "<group>"; };
		9661852129F12AAD0003C57A /* Info.plist */ = {isa = PBXFileReference; lastKnownFileType = text.plist.xml; path = Info.plist; sourceTree = "<group>"; };
		9661852629F12AAD0003C57A /* CFT-Test-TaskTests.xctest */ = {isa = PBXFileReference; explicitFileType = wrapper.cfbundle; includeInIndex = 0; path = "CFT-Test-TaskTests.xctest"; sourceTree = BUILT_PRODUCTS_DIR; };
		9661852A29F12AAD0003C57A /* GreetingsViewTests.swift */ = {isa = PBXFileReference; lastKnownFileType = sourcecode.swift; path = GreetingsViewTests.swift; sourceTree = "<group>"; };
		9661854929F138350003C57A /* UIColor+Extensions.swift */ = {isa = PBXFileReference; lastKnownFileType = sourcecode.swift; path = "UIColor+Extensions.swift"; sourceTree = "<group>"; };
		9661854D29F13E3F0003C57A /* ShiftCustomTextField.swift */ = {isa = PBXFileReference; lastKnownFileType = sourcecode.swift; path = ShiftCustomTextField.swift; sourceTree = "<group>"; };
		9661855029F14EA20003C57A /* ShiftBirthdateView.swift */ = {isa = PBXFileReference; lastKnownFileType = sourcecode.swift; path = ShiftBirthdateView.swift; sourceTree = "<group>"; };
		9661855429F25C2C0003C57A /* ShiftCustomButton.swift */ = {isa = PBXFileReference; lastKnownFileType = sourcecode.swift; path = ShiftCustomButton.swift; sourceTree = "<group>"; };
		9661855629F26EAF0003C57A /* DateRegistrationViewController.swift */ = {isa = PBXFileReference; lastKnownFileType = sourcecode.swift; path = DateRegistrationViewController.swift; sourceTree = "<group>"; };
		9661855829F26EC00003C57A /* PasswordRegistrationViewController.swift */ = {isa = PBXFileReference; lastKnownFileType = sourcecode.swift; path = PasswordRegistrationViewController.swift; sourceTree = "<group>"; };
		9661855A29F26F520003C57A /* RegistrationService.swift */ = {isa = PBXFileReference; lastKnownFileType = sourcecode.swift; path = RegistrationService.swift; sourceTree = "<group>"; };
		9661855C29F276F20003C57A /* ShiftCustomStackView.swift */ = {isa = PBXFileReference; lastKnownFileType = sourcecode.swift; path = ShiftCustomStackView.swift; sourceTree = "<group>"; };
		9661856229F27BB40003C57A /* NameRegistrationViewPresenter.swift */ = {isa = PBXFileReference; lastKnownFileType = sourcecode.swift; path = NameRegistrationViewPresenter.swift; sourceTree = "<group>"; };
		9661856629F285500003C57A /* ShiftCustomLabel.swift */ = {isa = PBXFileReference; lastKnownFileType = sourcecode.swift; path = ShiftCustomLabel.swift; sourceTree = "<group>"; };
		9661856929F291970003C57A /* RegistrationTextFieldHelper.swift */ = {isa = PBXFileReference; lastKnownFileType = sourcecode.swift; path = RegistrationTextFieldHelper.swift; sourceTree = "<group>"; };
		96E4DED329F58E4500156F0F /* NewsViewController.swift */ = {isa = PBXFileReference; lastKnownFileType = sourcecode.swift; path = NewsViewController.swift; sourceTree = "<group>"; };
		96E4DED529F58F8F00156F0F /* NewsViewPresenter.swift */ = {isa = PBXFileReference; lastKnownFileType = sourcecode.swift; path = NewsViewPresenter.swift; sourceTree = "<group>"; };
		96E4DED829F59B5600156F0F /* NewsTableViewHelper.swift */ = {isa = PBXFileReference; lastKnownFileType = sourcecode.swift; path = NewsTableViewHelper.swift; sourceTree = "<group>"; };
		96E4DEDA29F59B6A00156F0F /* NewsTableViewCell.swift */ = {isa = PBXFileReference; lastKnownFileType = sourcecode.swift; path = NewsTableViewCell.swift; sourceTree = "<group>"; };
		96FD00CD29F44D940049BCCE /* NSRegularExpression+Matches.swift */ = {isa = PBXFileReference; lastKnownFileType = sourcecode.swift; path = "NSRegularExpression+Matches.swift"; sourceTree = "<group>"; };
		96FD00D029F4F4EE0049BCCE /* RegistrationStore.swift */ = {isa = PBXFileReference; lastKnownFileType = sourcecode.swift; path = RegistrationStore.swift; sourceTree = "<group>"; };
		96FD00D229F4FAF60049BCCE /* User.swift */ = {isa = PBXFileReference; lastKnownFileType = sourcecode.swift; path = User.swift; sourceTree = "<group>"; };
		96FD00D529F50BFE0049BCCE /* KeychainWrapper.swift */ = {isa = PBXFileReference; lastKnownFileType = sourcecode.swift; path = KeychainWrapper.swift; sourceTree = "<group>"; };
		96FD00DA29F5264D0049BCCE /* RegistrationCheckerViewController.swift */ = {isa = PBXFileReference; lastKnownFileType = sourcecode.swift; path = RegistrationCheckerViewController.swift; sourceTree = "<group>"; };
		96FD00DC29F528670049BCCE /* RegistrationCheckerPresenter.swift */ = {isa = PBXFileReference; lastKnownFileType = sourcecode.swift; path = RegistrationCheckerPresenter.swift; sourceTree = "<group>"; };
		96FD1EFC29F7D5110079073F /* GreetingsViewPresenterSpy.swift */ = {isa = PBXFileReference; lastKnownFileType = sourcecode.swift; path = GreetingsViewPresenterSpy.swift; sourceTree = "<group>"; };
		96FD1EFF29F7D5C00079073F /* RegistrationStoreMock.swift */ = {isa = PBXFileReference; lastKnownFileType = sourcecode.swift; path = RegistrationStoreMock.swift; sourceTree = "<group>"; };
		96FD1F0129F7DBB10079073F /* GreetingsViewControllerSpy.swift */ = {isa = PBXFileReference; lastKnownFileType = sourcecode.swift; path = GreetingsViewControllerSpy.swift; sourceTree = "<group>"; };
/* End PBXFileReference section */

/* Begin PBXFrameworksBuildPhase section */
		9661850D29F12AAC0003C57A /* Frameworks */ = {
			isa = PBXFrameworksBuildPhase;
			buildActionMask = 2147483647;
			files = (
			);
			runOnlyForDeploymentPostprocessing = 0;
		};
		9661852329F12AAD0003C57A /* Frameworks */ = {
			isa = PBXFrameworksBuildPhase;
			buildActionMask = 2147483647;
			files = (
			);
			runOnlyForDeploymentPostprocessing = 0;
		};
/* End PBXFrameworksBuildPhase section */

/* Begin PBXGroup section */
		961B60D029F6D0C0009F838A /* News */ = {
			isa = PBXGroup;
			children = (
				961B60D129F6D0C8009F838A /* NewsService.swift */,
			);
			path = News;
			sourceTree = "<group>";
		};
		961B60D329F6D141009F838A /* ApiConfiguration */ = {
			isa = PBXGroup;
			children = (
				961B60D529F6D189009F838A /* ApiConfiguration.swift */,
			);
			path = ApiConfiguration;
			sourceTree = "<group>";
		};
		961B60D729F6D824009F838A /* News */ = {
			isa = PBXGroup;
			children = (
				961B60CA29F6AD19009F838A /* News.swift */,
				961B60D829F6D82F009F838A /* NewsResult.swift */,
			);
			path = News;
			sourceTree = "<group>";
		};
		961B60E229F6DB27009F838A /* URLSession */ = {
			isa = PBXGroup;
			children = (
				961B60DB29F6DAD7009F838A /* URLSession+DataTask.swift */,
				961B60DC29F6DAD7009F838A /* URLSession+StartLoadingObject.swift */,
				961B60DD29F6DAD7009F838A /* URLSessionTask+IsStillRunning.swift */,
			);
			path = URLSession;
			sourceTree = "<group>";
		};
		961B60E329F7CAFC009F838A /* Greetings */ = {
			isa = PBXGroup;
			children = (
				961B60E429F7CB1C009F838A /* GreetingsViewController.swift */,
				961B60E629F7CB8F009F838A /* GreetingsViewPresenter.swift */,
			);
			path = Greetings;
			sourceTree = "<group>";
		};
		9635D90329F4229200C4652F /* BirthdateViewDatePickerDelegate */ = {
			isa = PBXGroup;
			children = (
				9635D90129F4227300C4652F /* BirthdateViewDatePickerDelegate.swift */,
			);
			path = BirthdateViewDatePickerDelegate;
			sourceTree = "<group>";
		};
		9661850729F12AAC0003C57A = {
			isa = PBXGroup;
			children = (
				9661851229F12AAC0003C57A /* CFT-Test-Task */,
				9661852929F12AAD0003C57A /* CFT-Test-TaskTests */,
				9661851129F12AAC0003C57A /* Products */,
			);
			sourceTree = "<group>";
		};
		9661851129F12AAC0003C57A /* Products */ = {
			isa = PBXGroup;
			children = (
				9661851029F12AAC0003C57A /* CFT-Test-Task.app */,
				9661852629F12AAD0003C57A /* CFT-Test-TaskTests.xctest */,
			);
			name = Products;
			sourceTree = "<group>";
		};
		9661851229F12AAC0003C57A /* CFT-Test-Task */ = {
			isa = PBXGroup;
			children = (
				961B60D329F6D141009F838A /* ApiConfiguration */,
				9661854829F138250003C57A /* Helpers */,
				9661854629F1312F0003C57A /* Services */,
				9661854529F1312B0003C57A /* Model */,
				9661854329F131230003C57A /* Presentation */,
				9661851329F12AAC0003C57A /* AppDelegate.swift */,
				9661851529F12AAC0003C57A /* SceneDelegate.swift */,
				9661851C29F12AAD0003C57A /* Assets.xcassets */,
				9661851E29F12AAD0003C57A /* LaunchScreen.storyboard */,
				9661852129F12AAD0003C57A /* Info.plist */,
			);
			path = "CFT-Test-Task";
			sourceTree = "<group>";
		};
		9661852929F12AAD0003C57A /* CFT-Test-TaskTests */ = {
			isa = PBXGroup;
			children = (
				96FD1EFE29F7D5B40079073F /* Core */,
				96FD1EFB29F7D3F50079073F /* NewsViewControllerTests */,
				96FD1EFA29F7D3E70079073F /* GreetingsViewControllerTests */,
			);
			path = "CFT-Test-TaskTests";
			sourceTree = "<group>";
		};
		9661854329F131230003C57A /* Presentation */ = {
			isa = PBXGroup;
			children = (
				961B60E329F7CAFC009F838A /* Greetings */,
				96E4DECF29F58D8600156F0F /* News */,
				96FD00D729F526300049BCCE /* RegistrationChecker */,
				9661854B29F138920003C57A /* CustomViews */,
				9661854729F1339F0003C57A /* Registration */,
			);
			path = Presentation;
			sourceTree = "<group>";
		};
		9661854529F1312B0003C57A /* Model */ = {
			isa = PBXGroup;
			children = (
				961B60D729F6D824009F838A /* News */,
				96FD00D229F4FAF60049BCCE /* User.swift */,
			);
			path = Model;
			sourceTree = "<group>";
		};
		9661854629F1312F0003C57A /* Services */ = {
			isa = PBXGroup;
			children = (
				961B60D029F6D0C0009F838A /* News */,
				96FD00D429F50BF10049BCCE /* KeyChainWrapper */,
				96FD00CF29F4F4E10049BCCE /* Registration */,
			);
			path = Services;
			sourceTree = "<group>";
		};
		9661854729F1339F0003C57A /* Registration */ = {
			isa = PBXGroup;
			children = (
				9661856829F291890003C57A /* TextFieldHelper */,
				9661856029F27B0F0003C57A /* PasswordRegistrationViewController */,
				9661855F29F27B060003C57A /* DateRegistrationViewController */,
				9661855E29F27AFD0003C57A /* NameRegistrationViewController */,
			);
			path = Registration;
			sourceTree = "<group>";
		};
		9661854829F138250003C57A /* Helpers */ = {
			isa = PBXGroup;
			children = (
				961B60E229F6DB27009F838A /* URLSession */,
				9661854929F138350003C57A /* UIColor+Extensions.swift */,
				96FD00CD29F44D940049BCCE /* NSRegularExpression+Matches.swift */,
				961B60CC29F6AE8F009F838A /* UITableView+LastCellIndexPath.swift */,
			);
			path = Helpers;
			sourceTree = "<group>";
		};
		9661854B29F138920003C57A /* CustomViews */ = {
			isa = PBXGroup;
			children = (
				9661856429F285310003C57A /* Registration */,
			);
			path = CustomViews;
			sourceTree = "<group>";
		};
		9661855E29F27AFD0003C57A /* NameRegistrationViewController */ = {
			isa = PBXGroup;
			children = (
				9661851729F12AAC0003C57A /* NameRegistrationViewController.swift */,
				9661856229F27BB40003C57A /* NameRegistrationViewPresenter.swift */,
			);
			path = NameRegistrationViewController;
			sourceTree = "<group>";
		};
		9661855F29F27B060003C57A /* DateRegistrationViewController */ = {
			isa = PBXGroup;
			children = (
				9635D90329F4229200C4652F /* BirthdateViewDatePickerDelegate */,
				9661855629F26EAF0003C57A /* DateRegistrationViewController.swift */,
				9635D8FD29F41E9900C4652F /* DateRegistrationViewPresenter.swift */,
			);
			path = DateRegistrationViewController;
			sourceTree = "<group>";
		};
		9661856029F27B0F0003C57A /* PasswordRegistrationViewController */ = {
			isa = PBXGroup;
			children = (
				9661855829F26EC00003C57A /* PasswordRegistrationViewController.swift */,
				9635D90429F4435000C4652F /* PasswordRegistrationViewPresenter.swift */,
			);
			path = PasswordRegistrationViewController;
			sourceTree = "<group>";
		};
		9661856429F285310003C57A /* Registration */ = {
			isa = PBXGroup;
			children = (
				9661854D29F13E3F0003C57A /* ShiftCustomTextField.swift */,
				9661855029F14EA20003C57A /* ShiftBirthdateView.swift */,
				9661855429F25C2C0003C57A /* ShiftCustomButton.swift */,
				9661855C29F276F20003C57A /* ShiftCustomStackView.swift */,
				9661856629F285500003C57A /* ShiftCustomLabel.swift */,
			);
			path = Registration;
			sourceTree = "<group>";
		};
		9661856829F291890003C57A /* TextFieldHelper */ = {
			isa = PBXGroup;
			children = (
				9661856929F291970003C57A /* RegistrationTextFieldHelper.swift */,
			);
			path = TextFieldHelper;
			sourceTree = "<group>";
		};
		96E4DECF29F58D8600156F0F /* News */ = {
			isa = PBXGroup;
			children = (
				96E4DED729F59B4300156F0F /* TableView */,
				96E4DED329F58E4500156F0F /* NewsViewController.swift */,
				96E4DED529F58F8F00156F0F /* NewsViewPresenter.swift */,
			);
			path = News;
			sourceTree = "<group>";
		};
		96E4DED729F59B4300156F0F /* TableView */ = {
			isa = PBXGroup;
			children = (
				96E4DED829F59B5600156F0F /* NewsTableViewHelper.swift */,
				96E4DEDA29F59B6A00156F0F /* NewsTableViewCell.swift */,
				961B60CE29F6B56F009F838A /* NewsTableViewHeaderView.swift */,
			);
			path = TableView;
			sourceTree = "<group>";
		};
		96FD00CF29F4F4E10049BCCE /* Registration */ = {
			isa = PBXGroup;
			children = (
				9661855A29F26F520003C57A /* RegistrationService.swift */,
				96FD00D029F4F4EE0049BCCE /* RegistrationStore.swift */,
			);
			path = Registration;
			sourceTree = "<group>";
		};
		96FD00D429F50BF10049BCCE /* KeyChainWrapper */ = {
			isa = PBXGroup;
			children = (
				96FD00D529F50BFE0049BCCE /* KeychainWrapper.swift */,
			);
			path = KeyChainWrapper;
			sourceTree = "<group>";
		};
		96FD00D729F526300049BCCE /* RegistrationChecker */ = {
			isa = PBXGroup;
			children = (
				96FD00DA29F5264D0049BCCE /* RegistrationCheckerViewController.swift */,
				96FD00DC29F528670049BCCE /* RegistrationCheckerPresenter.swift */,
			);
			path = RegistrationChecker;
			sourceTree = "<group>";
		};
		96FD1EFA29F7D3E70079073F /* GreetingsViewControllerTests */ = {
			isa = PBXGroup;
			children = (
				9661852A29F12AAD0003C57A /* GreetingsViewTests.swift */,
				96FD1EFC29F7D5110079073F /* GreetingsViewPresenterSpy.swift */,
				96FD1F0129F7DBB10079073F /* GreetingsViewControllerSpy.swift */,
			);
			path = GreetingsViewControllerTests;
			sourceTree = "<group>";
		};
		96FD1EFB29F7D3F50079073F /* NewsViewControllerTests */ = {
			isa = PBXGroup;
			children = (
			);
			path = NewsViewControllerTests;
			sourceTree = "<group>";
		};
		96FD1EFE29F7D5B40079073F /* Core */ = {
			isa = PBXGroup;
			children = (
				96FD1EFF29F7D5C00079073F /* RegistrationStoreMock.swift */,
			);
			path = Core;
			sourceTree = "<group>";
		};
/* End PBXGroup section */

/* Begin PBXNativeTarget section */
		9661850F29F12AAC0003C57A /* CFT-Test-Task */ = {
			isa = PBXNativeTarget;
			buildConfigurationList = 9661853A29F12AAD0003C57A /* Build configuration list for PBXNativeTarget "CFT-Test-Task" */;
			buildPhases = (
				9661850C29F12AAC0003C57A /* Sources */,
				9661850D29F12AAC0003C57A /* Frameworks */,
				9661850E29F12AAC0003C57A /* Resources */,
			);
			buildRules = (
			);
			dependencies = (
			);
			name = "CFT-Test-Task";
			productName = "CFT-Test-Task";
			productReference = 9661851029F12AAC0003C57A /* CFT-Test-Task.app */;
			productType = "com.apple.product-type.application";
		};
		9661852529F12AAD0003C57A /* CFT-Test-TaskTests */ = {
			isa = PBXNativeTarget;
			buildConfigurationList = 9661853D29F12AAD0003C57A /* Build configuration list for PBXNativeTarget "CFT-Test-TaskTests" */;
			buildPhases = (
				9661852229F12AAD0003C57A /* Sources */,
				9661852329F12AAD0003C57A /* Frameworks */,
				9661852429F12AAD0003C57A /* Resources */,
			);
			buildRules = (
			);
			dependencies = (
				9661852829F12AAD0003C57A /* PBXTargetDependency */,
			);
			name = "CFT-Test-TaskTests";
			productName = "CFT-Test-TaskTests";
			productReference = 9661852629F12AAD0003C57A /* CFT-Test-TaskTests.xctest */;
			productType = "com.apple.product-type.bundle.unit-test";
		};
/* End PBXNativeTarget section */

/* Begin PBXProject section */
		9661850829F12AAC0003C57A /* Project object */ = {
			isa = PBXProject;
			attributes = {
				BuildIndependentTargetsInParallel = 1;
				LastSwiftUpdateCheck = 1430;
				LastUpgradeCheck = 1430;
				TargetAttributes = {
					9661850F29F12AAC0003C57A = {
						CreatedOnToolsVersion = 14.3;
					};
					9661852529F12AAD0003C57A = {
						CreatedOnToolsVersion = 14.3;
						TestTargetID = 9661850F29F12AAC0003C57A;
					};
				};
			};
			buildConfigurationList = 9661850B29F12AAC0003C57A /* Build configuration list for PBXProject "CFT-Test-Task" */;
			compatibilityVersion = "Xcode 14.0";
			developmentRegion = en;
			hasScannedForEncodings = 0;
			knownRegions = (
				en,
				Base,
			);
			mainGroup = 9661850729F12AAC0003C57A;
			productRefGroup = 9661851129F12AAC0003C57A /* Products */;
			projectDirPath = "";
			projectRoot = "";
			targets = (
				9661850F29F12AAC0003C57A /* CFT-Test-Task */,
				9661852529F12AAD0003C57A /* CFT-Test-TaskTests */,
			);
		};
/* End PBXProject section */

/* Begin PBXResourcesBuildPhase section */
		9661850E29F12AAC0003C57A /* Resources */ = {
			isa = PBXResourcesBuildPhase;
			buildActionMask = 2147483647;
			files = (
				9661852029F12AAD0003C57A /* LaunchScreen.storyboard in Resources */,
				9661851D29F12AAD0003C57A /* Assets.xcassets in Resources */,
			);
			runOnlyForDeploymentPostprocessing = 0;
		};
		9661852429F12AAD0003C57A /* Resources */ = {
			isa = PBXResourcesBuildPhase;
			buildActionMask = 2147483647;
			files = (
			);
			runOnlyForDeploymentPostprocessing = 0;
		};
/* End PBXResourcesBuildPhase section */

/* Begin PBXSourcesBuildPhase section */
		9661850C29F12AAC0003C57A /* Sources */ = {
			isa = PBXSourcesBuildPhase;
			buildActionMask = 2147483647;
			files = (
				9661855529F25C2C0003C57A /* ShiftCustomButton.swift in Sources */,
				9661851829F12AAC0003C57A /* NameRegistrationViewController.swift in Sources */,
				9661854E29F13E3F0003C57A /* ShiftCustomTextField.swift in Sources */,
				961B60D629F6D189009F838A /* ApiConfiguration.swift in Sources */,
				96FD00DD29F528670049BCCE /* RegistrationCheckerPresenter.swift in Sources */,
				9661851429F12AAC0003C57A /* AppDelegate.swift in Sources */,
				9661855129F14EA20003C57A /* ShiftBirthdateView.swift in Sources */,
				96FD00DB29F5264D0049BCCE /* RegistrationCheckerViewController.swift in Sources */,
				9661851629F12AAC0003C57A /* SceneDelegate.swift in Sources */,
				96E4DED629F58F8F00156F0F /* NewsViewPresenter.swift in Sources */,
				96FD00D629F50BFE0049BCCE /* KeychainWrapper.swift in Sources */,
				961B60CF29F6B56F009F838A /* NewsTableViewHeaderView.swift in Sources */,
				96E4DED929F59B5600156F0F /* NewsTableViewHelper.swift in Sources */,
				9661856A29F291970003C57A /* RegistrationTextFieldHelper.swift in Sources */,
				96FD00CE29F44D940049BCCE /* NSRegularExpression+Matches.swift in Sources */,
				96FD00D329F4FAF60049BCCE /* User.swift in Sources */,
				9661855B29F26F520003C57A /* RegistrationService.swift in Sources */,
				961B60DF29F6DAD7009F838A /* URLSession+DataTask.swift in Sources */,
				961B60D229F6D0C8009F838A /* NewsService.swift in Sources */,
				9635D8FE29F41E9900C4652F /* DateRegistrationViewPresenter.swift in Sources */,
				9635D90229F4227300C4652F /* BirthdateViewDatePickerDelegate.swift in Sources */,
				9661854A29F138350003C57A /* UIColor+Extensions.swift in Sources */,
				9661855D29F276F20003C57A /* ShiftCustomStackView.swift in Sources */,
				96E4DED429F58E4500156F0F /* NewsViewController.swift in Sources */,
				961B60E529F7CB1C009F838A /* GreetingsViewController.swift in Sources */,
				961B60E129F6DAD7009F838A /* URLSessionTask+IsStillRunning.swift in Sources */,
				961B60CB29F6AD19009F838A /* News.swift in Sources */,
				9661855729F26EAF0003C57A /* DateRegistrationViewController.swift in Sources */,
				961B60E729F7CB8F009F838A /* GreetingsViewPresenter.swift in Sources */,
				961B60CD29F6AE8F009F838A /* UITableView+LastCellIndexPath.swift in Sources */,
				9661856329F27BB40003C57A /* NameRegistrationViewPresenter.swift in Sources */,
				9661855929F26EC00003C57A /* PasswordRegistrationViewController.swift in Sources */,
				9635D90529F4435000C4652F /* PasswordRegistrationViewPresenter.swift in Sources */,
				9661856729F285500003C57A /* ShiftCustomLabel.swift in Sources */,
				96E4DEDB29F59B6A00156F0F /* NewsTableViewCell.swift in Sources */,
				96FD00D129F4F4EE0049BCCE /* RegistrationStore.swift in Sources */,
				961B60D929F6D82F009F838A /* NewsResult.swift in Sources */,
				961B60E029F6DAD7009F838A /* URLSession+StartLoadingObject.swift in Sources */,
			);
			runOnlyForDeploymentPostprocessing = 0;
		};
		9661852229F12AAD0003C57A /* Sources */ = {
			isa = PBXSourcesBuildPhase;
			buildActionMask = 2147483647;
			files = (
				96FD1F0229F7DBB10079073F /* GreetingsViewControllerSpy.swift in Sources */,
				9661852B29F12AAD0003C57A /* GreetingsViewTests.swift in Sources */,
				96FD1F0029F7D5C00079073F /* RegistrationStoreMock.swift in Sources */,
				96FD1EFD29F7D5110079073F /* GreetingsViewPresenterSpy.swift in Sources */,
			);
			runOnlyForDeploymentPostprocessing = 0;
		};
/* End PBXSourcesBuildPhase section */

/* Begin PBXTargetDependency section */
		9661852829F12AAD0003C57A /* PBXTargetDependency */ = {
			isa = PBXTargetDependency;
			target = 9661850F29F12AAC0003C57A /* CFT-Test-Task */;
			targetProxy = 9661852729F12AAD0003C57A /* PBXContainerItemProxy */;
		};
/* End PBXTargetDependency section */

/* Begin PBXVariantGroup section */
		9661851E29F12AAD0003C57A /* LaunchScreen.storyboard */ = {
			isa = PBXVariantGroup;
			children = (
				9661851F29F12AAD0003C57A /* Base */,
			);
			name = LaunchScreen.storyboard;
			sourceTree = "<group>";
		};
/* End PBXVariantGroup section */

/* Begin XCBuildConfiguration section */
		9661853829F12AAD0003C57A /* Debug */ = {
			isa = XCBuildConfiguration;
			buildSettings = {
				ALWAYS_SEARCH_USER_PATHS = NO;
				CLANG_ANALYZER_NONNULL = YES;
				CLANG_ANALYZER_NUMBER_OBJECT_CONVERSION = YES_AGGRESSIVE;
				CLANG_CXX_LANGUAGE_STANDARD = "gnu++20";
				CLANG_ENABLE_MODULES = YES;
				CLANG_ENABLE_OBJC_ARC = YES;
				CLANG_ENABLE_OBJC_WEAK = YES;
				CLANG_WARN_BLOCK_CAPTURE_AUTORELEASING = YES;
				CLANG_WARN_BOOL_CONVERSION = YES;
				CLANG_WARN_COMMA = YES;
				CLANG_WARN_CONSTANT_CONVERSION = YES;
				CLANG_WARN_DEPRECATED_OBJC_IMPLEMENTATIONS = YES;
				CLANG_WARN_DIRECT_OBJC_ISA_USAGE = YES_ERROR;
				CLANG_WARN_DOCUMENTATION_COMMENTS = YES;
				CLANG_WARN_EMPTY_BODY = YES;
				CLANG_WARN_ENUM_CONVERSION = YES;
				CLANG_WARN_INFINITE_RECURSION = YES;
				CLANG_WARN_INT_CONVERSION = YES;
				CLANG_WARN_NON_LITERAL_NULL_CONVERSION = YES;
				CLANG_WARN_OBJC_IMPLICIT_RETAIN_SELF = YES;
				CLANG_WARN_OBJC_LITERAL_CONVERSION = YES;
				CLANG_WARN_OBJC_ROOT_CLASS = YES_ERROR;
				CLANG_WARN_QUOTED_INCLUDE_IN_FRAMEWORK_HEADER = YES;
				CLANG_WARN_RANGE_LOOP_ANALYSIS = YES;
				CLANG_WARN_STRICT_PROTOTYPES = YES;
				CLANG_WARN_SUSPICIOUS_MOVE = YES;
				CLANG_WARN_UNGUARDED_AVAILABILITY = YES_AGGRESSIVE;
				CLANG_WARN_UNREACHABLE_CODE = YES;
				CLANG_WARN__DUPLICATE_METHOD_MATCH = YES;
				COPY_PHASE_STRIP = NO;
				DEBUG_INFORMATION_FORMAT = dwarf;
				ENABLE_STRICT_OBJC_MSGSEND = YES;
				ENABLE_TESTABILITY = YES;
				GCC_C_LANGUAGE_STANDARD = gnu11;
				GCC_DYNAMIC_NO_PIC = NO;
				GCC_NO_COMMON_BLOCKS = YES;
				GCC_OPTIMIZATION_LEVEL = 0;
				GCC_PREPROCESSOR_DEFINITIONS = (
					"DEBUG=1",
					"$(inherited)",
				);
				GCC_WARN_64_TO_32_BIT_CONVERSION = YES;
				GCC_WARN_ABOUT_RETURN_TYPE = YES_ERROR;
				GCC_WARN_UNDECLARED_SELECTOR = YES;
				GCC_WARN_UNINITIALIZED_AUTOS = YES_AGGRESSIVE;
				GCC_WARN_UNUSED_FUNCTION = YES;
				GCC_WARN_UNUSED_VARIABLE = YES;
				IPHONEOS_DEPLOYMENT_TARGET = 13.0;
				MTL_ENABLE_DEBUG_INFO = INCLUDE_SOURCE;
				MTL_FAST_MATH = YES;
				ONLY_ACTIVE_ARCH = YES;
				SDKROOT = iphoneos;
				SWIFT_ACTIVE_COMPILATION_CONDITIONS = DEBUG;
				SWIFT_OPTIMIZATION_LEVEL = "-Onone";
			};
			name = Debug;
		};
		9661853929F12AAD0003C57A /* Release */ = {
			isa = XCBuildConfiguration;
			buildSettings = {
				ALWAYS_SEARCH_USER_PATHS = NO;
				CLANG_ANALYZER_NONNULL = YES;
				CLANG_ANALYZER_NUMBER_OBJECT_CONVERSION = YES_AGGRESSIVE;
				CLANG_CXX_LANGUAGE_STANDARD = "gnu++20";
				CLANG_ENABLE_MODULES = YES;
				CLANG_ENABLE_OBJC_ARC = YES;
				CLANG_ENABLE_OBJC_WEAK = YES;
				CLANG_WARN_BLOCK_CAPTURE_AUTORELEASING = YES;
				CLANG_WARN_BOOL_CONVERSION = YES;
				CLANG_WARN_COMMA = YES;
				CLANG_WARN_CONSTANT_CONVERSION = YES;
				CLANG_WARN_DEPRECATED_OBJC_IMPLEMENTATIONS = YES;
				CLANG_WARN_DIRECT_OBJC_ISA_USAGE = YES_ERROR;
				CLANG_WARN_DOCUMENTATION_COMMENTS = YES;
				CLANG_WARN_EMPTY_BODY = YES;
				CLANG_WARN_ENUM_CONVERSION = YES;
				CLANG_WARN_INFINITE_RECURSION = YES;
				CLANG_WARN_INT_CONVERSION = YES;
				CLANG_WARN_NON_LITERAL_NULL_CONVERSION = YES;
				CLANG_WARN_OBJC_IMPLICIT_RETAIN_SELF = YES;
				CLANG_WARN_OBJC_LITERAL_CONVERSION = YES;
				CLANG_WARN_OBJC_ROOT_CLASS = YES_ERROR;
				CLANG_WARN_QUOTED_INCLUDE_IN_FRAMEWORK_HEADER = YES;
				CLANG_WARN_RANGE_LOOP_ANALYSIS = YES;
				CLANG_WARN_STRICT_PROTOTYPES = YES;
				CLANG_WARN_SUSPICIOUS_MOVE = YES;
				CLANG_WARN_UNGUARDED_AVAILABILITY = YES_AGGRESSIVE;
				CLANG_WARN_UNREACHABLE_CODE = YES;
				CLANG_WARN__DUPLICATE_METHOD_MATCH = YES;
				COPY_PHASE_STRIP = NO;
				DEBUG_INFORMATION_FORMAT = "dwarf-with-dsym";
				ENABLE_NS_ASSERTIONS = NO;
				ENABLE_STRICT_OBJC_MSGSEND = YES;
				GCC_C_LANGUAGE_STANDARD = gnu11;
				GCC_NO_COMMON_BLOCKS = YES;
				GCC_WARN_64_TO_32_BIT_CONVERSION = YES;
				GCC_WARN_ABOUT_RETURN_TYPE = YES_ERROR;
				GCC_WARN_UNDECLARED_SELECTOR = YES;
				GCC_WARN_UNINITIALIZED_AUTOS = YES_AGGRESSIVE;
				GCC_WARN_UNUSED_FUNCTION = YES;
				GCC_WARN_UNUSED_VARIABLE = YES;
				IPHONEOS_DEPLOYMENT_TARGET = 13.0;
				MTL_ENABLE_DEBUG_INFO = NO;
				MTL_FAST_MATH = YES;
				SDKROOT = iphoneos;
				SWIFT_COMPILATION_MODE = wholemodule;
				SWIFT_OPTIMIZATION_LEVEL = "-O";
				VALIDATE_PRODUCT = YES;
			};
			name = Release;
		};
		9661853B29F12AAD0003C57A /* Debug */ = {
			isa = XCBuildConfiguration;
			buildSettings = {
				ASSETCATALOG_COMPILER_APPICON_NAME = AppIcon;
				ASSETCATALOG_COMPILER_GLOBAL_ACCENT_COLOR_NAME = AccentColor;
				CODE_SIGN_STYLE = Automatic;
				CURRENT_PROJECT_VERSION = 1;
				DEVELOPMENT_TEAM = G5T3Z588PS;
				GENERATE_INFOPLIST_FILE = YES;
				INFOPLIST_FILE = "CFT-Test-Task/Info.plist";
				INFOPLIST_KEY_CFBundleDisplayName = "CFT-Test-Task";
				INFOPLIST_KEY_UIApplicationSupportsIndirectInputEvents = YES;
				INFOPLIST_KEY_UILaunchStoryboardName = LaunchScreen.storyboard;
				INFOPLIST_KEY_UISupportedInterfaceOrientations = UIInterfaceOrientationPortrait;
				INFOPLIST_KEY_UISupportedInterfaceOrientations_iPad = "UIInterfaceOrientationLandscapeLeft UIInterfaceOrientationLandscapeRight UIInterfaceOrientationPortrait UIInterfaceOrientationPortraitUpsideDown";
				IPHONEOS_DEPLOYMENT_TARGET = 13.0;
				LD_RUNPATH_SEARCH_PATHS = (
					"$(inherited)",
					"@executable_path/Frameworks",
				);
				MARKETING_VERSION = 1.0;
				PRODUCT_BUNDLE_IDENTIFIER = "ru.cft.CFT-Test-Task";
				PRODUCT_NAME = "$(TARGET_NAME)";
				SUPPORTED_PLATFORMS = "iphoneos iphonesimulator";
				SUPPORTS_MACCATALYST = NO;
				SUPPORTS_MAC_DESIGNED_FOR_IPHONE_IPAD = NO;
				SWIFT_EMIT_LOC_STRINGS = YES;
				SWIFT_VERSION = 5.0;
				TARGETED_DEVICE_FAMILY = 1;
			};
			name = Debug;
		};
		9661853C29F12AAD0003C57A /* Release */ = {
			isa = XCBuildConfiguration;
			buildSettings = {
				ASSETCATALOG_COMPILER_APPICON_NAME = AppIcon;
				ASSETCATALOG_COMPILER_GLOBAL_ACCENT_COLOR_NAME = AccentColor;
				CODE_SIGN_STYLE = Automatic;
				CURRENT_PROJECT_VERSION = 1;
				DEVELOPMENT_TEAM = G5T3Z588PS;
				GENERATE_INFOPLIST_FILE = YES;
				INFOPLIST_FILE = "CFT-Test-Task/Info.plist";
				INFOPLIST_KEY_CFBundleDisplayName = "CFT-Test-Task";
				INFOPLIST_KEY_UIApplicationSupportsIndirectInputEvents = YES;
				INFOPLIST_KEY_UILaunchStoryboardName = LaunchScreen.storyboard;
				INFOPLIST_KEY_UISupportedInterfaceOrientations = UIInterfaceOrientationPortrait;
				INFOPLIST_KEY_UISupportedInterfaceOrientations_iPad = "UIInterfaceOrientationLandscapeLeft UIInterfaceOrientationLandscapeRight UIInterfaceOrientationPortrait UIInterfaceOrientationPortraitUpsideDown";
				IPHONEOS_DEPLOYMENT_TARGET = 13.0;
				LD_RUNPATH_SEARCH_PATHS = (
					"$(inherited)",
					"@executable_path/Frameworks",
				);
				MARKETING_VERSION = 1.0;
				PRODUCT_BUNDLE_IDENTIFIER = "ru.cft.CFT-Test-Task";
				PRODUCT_NAME = "$(TARGET_NAME)";
				SUPPORTED_PLATFORMS = "iphoneos iphonesimulator";
				SUPPORTS_MACCATALYST = NO;
				SUPPORTS_MAC_DESIGNED_FOR_IPHONE_IPAD = NO;
				SWIFT_EMIT_LOC_STRINGS = YES;
				SWIFT_VERSION = 5.0;
				TARGETED_DEVICE_FAMILY = 1;
			};
			name = Release;
		};
		9661853E29F12AAD0003C57A /* Debug */ = {
			isa = XCBuildConfiguration;
			buildSettings = {
				ALWAYS_EMBED_SWIFT_STANDARD_LIBRARIES = YES;
				BUNDLE_LOADER = "$(TEST_HOST)";
				CODE_SIGN_STYLE = Automatic;
				CURRENT_PROJECT_VERSION = 1;
				DEVELOPMENT_TEAM = G5T3Z588PS;
				GENERATE_INFOPLIST_FILE = YES;
				IPHONEOS_DEPLOYMENT_TARGET = 16.4;
				MARKETING_VERSION = 1.0;
				PRODUCT_BUNDLE_IDENTIFIER = "ru.cft.CFT-Test-TaskTests";
				PRODUCT_NAME = "$(TARGET_NAME)";
				SWIFT_EMIT_LOC_STRINGS = NO;
				SWIFT_VERSION = 5.0;
				TARGETED_DEVICE_FAMILY = "1,2";
				TEST_HOST = "$(BUILT_PRODUCTS_DIR)/CFT-Test-Task.app/$(BUNDLE_EXECUTABLE_FOLDER_PATH)/CFT-Test-Task";
			};
			name = Debug;
		};
		9661853F29F12AAD0003C57A /* Release */ = {
			isa = XCBuildConfiguration;
			buildSettings = {
				ALWAYS_EMBED_SWIFT_STANDARD_LIBRARIES = YES;
				BUNDLE_LOADER = "$(TEST_HOST)";
				CODE_SIGN_STYLE = Automatic;
				CURRENT_PROJECT_VERSION = 1;
				DEVELOPMENT_TEAM = G5T3Z588PS;
				GENERATE_INFOPLIST_FILE = YES;
				IPHONEOS_DEPLOYMENT_TARGET = 16.4;
				MARKETING_VERSION = 1.0;
				PRODUCT_BUNDLE_IDENTIFIER = "ru.cft.CFT-Test-TaskTests";
				PRODUCT_NAME = "$(TARGET_NAME)";
				SWIFT_EMIT_LOC_STRINGS = NO;
				SWIFT_VERSION = 5.0;
				TARGETED_DEVICE_FAMILY = "1,2";
				TEST_HOST = "$(BUILT_PRODUCTS_DIR)/CFT-Test-Task.app/$(BUNDLE_EXECUTABLE_FOLDER_PATH)/CFT-Test-Task";
			};
			name = Release;
		};
/* End XCBuildConfiguration section */

/* Begin XCConfigurationList section */
		9661850B29F12AAC0003C57A /* Build configuration list for PBXProject "CFT-Test-Task" */ = {
			isa = XCConfigurationList;
			buildConfigurations = (
				9661853829F12AAD0003C57A /* Debug */,
				9661853929F12AAD0003C57A /* Release */,
			);
			defaultConfigurationIsVisible = 0;
			defaultConfigurationName = Release;
		};
		9661853A29F12AAD0003C57A /* Build configuration list for PBXNativeTarget "CFT-Test-Task" */ = {
			isa = XCConfigurationList;
			buildConfigurations = (
				9661853B29F12AAD0003C57A /* Debug */,
				9661853C29F12AAD0003C57A /* Release */,
			);
			defaultConfigurationIsVisible = 0;
			defaultConfigurationName = Release;
		};
		9661853D29F12AAD0003C57A /* Build configuration list for PBXNativeTarget "CFT-Test-TaskTests" */ = {
			isa = XCConfigurationList;
			buildConfigurations = (
				9661853E29F12AAD0003C57A /* Debug */,
				9661853F29F12AAD0003C57A /* Release */,
			);
			defaultConfigurationIsVisible = 0;
			defaultConfigurationName = Release;
		};
/* End XCConfigurationList section */
	};
	rootObject = 9661850829F12AAC0003C57A /* Project object */;
}
